// !$*UTF8*$!
{
	archiveVersion = 1;
	classes = {
	};
	objectVersion = 60;
	objects = {

/* Begin PBXBuildFile section */
		1C128F992C24D85A008781A8 /* Locations.swift in Sources */ = {isa = PBXBuildFile; fileRef = 1C128F982C24D85A008781A8 /* Locations.swift */; };
		1C128F9B2C24D954008781A8 /* DetailView.swift in Sources */ = {isa = PBXBuildFile; fileRef = 1C128F9A2C24D954008781A8 /* DetailView.swift */; };
		1C128F9D2C24E0C3008781A8 /* FullMap.swift in Sources */ = {isa = PBXBuildFile; fileRef = 1C128F9C2C24E0C3008781A8 /* FullMap.swift */; };
		1C64AFC12C24BEDD00285036 /* Fountrees Watch App.app in Embed Watch Content */ = {isa = PBXBuildFile; fileRef = 1C64AFC02C24BEDD00285036 /* Fountrees Watch App.app */; settings = {ATTRIBUTES = (RemoveHeadersOnCopy, ); }; };
		1C64AFC62C24BEDD00285036 /* FountreesApp.swift in Sources */ = {isa = PBXBuildFile; fileRef = 1C64AFC52C24BEDD00285036 /* FountreesApp.swift */; };
		1C64AFC82C24BEDD00285036 /* ContentView.swift in Sources */ = {isa = PBXBuildFile; fileRef = 1C64AFC72C24BEDD00285036 /* ContentView.swift */; };
		1C64AFCA2C24BEE000285036 /* Assets.xcassets in Resources */ = {isa = PBXBuildFile; fileRef = 1C64AFC92C24BEE000285036 /* Assets.xcassets */; };
		1C64AFCD2C24BEE000285036 /* Preview Assets.xcassets in Resources */ = {isa = PBXBuildFile; fileRef = 1C64AFCC2C24BEE000285036 /* Preview Assets.xcassets */; };
		1C64AFD72C24BEE000285036 /* Fountrees_Watch_AppTests.swift in Sources */ = {isa = PBXBuildFile; fileRef = 1C64AFD62C24BEE000285036 /* Fountrees_Watch_AppTests.swift */; };
		1C64AFE12C24BEE000285036 /* Fountrees_Watch_AppUITests.swift in Sources */ = {isa = PBXBuildFile; fileRef = 1C64AFE02C24BEE000285036 /* Fountrees_Watch_AppUITests.swift */; };
		1C64AFE32C24BEE000285036 /* Fountrees_Watch_AppUITestsLaunchTests.swift in Sources */ = {isa = PBXBuildFile; fileRef = 1C64AFE22C24BEE000285036 /* Fountrees_Watch_AppUITestsLaunchTests.swift */; };
/* End PBXBuildFile section */

/* Begin PBXContainerItemProxy section */
		1C64AFC22C24BEDD00285036 /* PBXContainerItemProxy */ = {
			isa = PBXContainerItemProxy;
			containerPortal = 1C64AFB42C24BEDD00285036 /* Project object */;
			proxyType = 1;
			remoteGlobalIDString = 1C64AFBF2C24BEDD00285036;
			remoteInfo = "Fountrees Watch App";
		};
		1C64AFD32C24BEE000285036 /* PBXContainerItemProxy */ = {
			isa = PBXContainerItemProxy;
			containerPortal = 1C64AFB42C24BEDD00285036 /* Project object */;
			proxyType = 1;
			remoteGlobalIDString = 1C64AFBF2C24BEDD00285036;
			remoteInfo = "Fountrees Watch App";
		};
		1C64AFDD2C24BEE000285036 /* PBXContainerItemProxy */ = {
			isa = PBXContainerItemProxy;
			containerPortal = 1C64AFB42C24BEDD00285036 /* Project object */;
			proxyType = 1;
			remoteGlobalIDString = 1C64AFBF2C24BEDD00285036;
			remoteInfo = "Fountrees Watch App";
		};
/* End PBXContainerItemProxy section */

/* Begin PBXCopyFilesBuildPhase section */
		1C64AFE92C24BEE000285036 /* Embed Watch Content */ = {
			isa = PBXCopyFilesBuildPhase;
			buildActionMask = 2147483647;
			dstPath = "$(CONTENTS_FOLDER_PATH)/Watch";
			dstSubfolderSpec = 16;
			files = (
				1C64AFC12C24BEDD00285036 /* Fountrees Watch App.app in Embed Watch Content */,
			);
			name = "Embed Watch Content";
			runOnlyForDeploymentPostprocessing = 0;
		};
/* End PBXCopyFilesBuildPhase section */

/* Begin PBXFileReference section */
		1C128F982C24D85A008781A8 /* Locations.swift */ = {isa = PBXFileReference; lastKnownFileType = sourcecode.swift; path = Locations.swift; sourceTree = "<group>"; };
		1C128F9A2C24D954008781A8 /* DetailView.swift */ = {isa = PBXFileReference; lastKnownFileType = sourcecode.swift; path = DetailView.swift; sourceTree = "<group>"; };
		1C128F9C2C24E0C3008781A8 /* FullMap.swift */ = {isa = PBXFileReference; lastKnownFileType = sourcecode.swift; path = FullMap.swift; sourceTree = "<group>"; };
		1C64AFBA2C24BEDD00285036 /* Fountrees.app */ = {isa = PBXFileReference; explicitFileType = wrapper.application; includeInIndex = 0; path = Fountrees.app; sourceTree = BUILT_PRODUCTS_DIR; };
		1C64AFC02C24BEDD00285036 /* Fountrees Watch App.app */ = {isa = PBXFileReference; explicitFileType = wrapper.application; includeInIndex = 0; path = "Fountrees Watch App.app"; sourceTree = BUILT_PRODUCTS_DIR; };
		1C64AFC52C24BEDD00285036 /* FountreesApp.swift */ = {isa = PBXFileReference; lastKnownFileType = sourcecode.swift; path = FountreesApp.swift; sourceTree = "<group>"; };
		1C64AFC72C24BEDD00285036 /* ContentView.swift */ = {isa = PBXFileReference; lastKnownFileType = sourcecode.swift; path = ContentView.swift; sourceTree = "<group>"; };
		1C64AFC92C24BEE000285036 /* Assets.xcassets */ = {isa = PBXFileReference; lastKnownFileType = folder.assetcatalog; path = Assets.xcassets; sourceTree = "<group>"; };
		1C64AFCC2C24BEE000285036 /* Preview Assets.xcassets */ = {isa = PBXFileReference; lastKnownFileType = folder.assetcatalog; path = "Preview Assets.xcassets"; sourceTree = "<group>"; };
		1C64AFD22C24BEE000285036 /* Fountrees Watch AppTests.xctest */ = {isa = PBXFileReference; explicitFileType = wrapper.cfbundle; includeInIndex = 0; path = "Fountrees Watch AppTests.xctest"; sourceTree = BUILT_PRODUCTS_DIR; };
		1C64AFD62C24BEE000285036 /* Fountrees_Watch_AppTests.swift */ = {isa = PBXFileReference; lastKnownFileType = sourcecode.swift; path = Fountrees_Watch_AppTests.swift; sourceTree = "<group>"; };
		1C64AFDC2C24BEE000285036 /* Fountrees Watch AppUITests.xctest */ = {isa = PBXFileReference; explicitFileType = wrapper.cfbundle; includeInIndex = 0; path = "Fountrees Watch AppUITests.xctest"; sourceTree = BUILT_PRODUCTS_DIR; };
		1C64AFE02C24BEE000285036 /* Fountrees_Watch_AppUITests.swift */ = {isa = PBXFileReference; lastKnownFileType = sourcecode.swift; path = Fountrees_Watch_AppUITests.swift; sourceTree = "<group>"; };
		1C64AFE22C24BEE000285036 /* Fountrees_Watch_AppUITestsLaunchTests.swift */ = {isa = PBXFileReference; lastKnownFileType = sourcecode.swift; path = Fountrees_Watch_AppUITestsLaunchTests.swift; sourceTree = "<group>"; };
/* End PBXFileReference section */

/* Begin PBXFrameworksBuildPhase section */
		1C64AFBD2C24BEDD00285036 /* Frameworks */ = {
			isa = PBXFrameworksBuildPhase;
			buildActionMask = 2147483647;
			files = (
			);
			runOnlyForDeploymentPostprocessing = 0;
		};
		1C64AFCF2C24BEE000285036 /* Frameworks */ = {
			isa = PBXFrameworksBuildPhase;
			buildActionMask = 2147483647;
			files = (
			);
			runOnlyForDeploymentPostprocessing = 0;
		};
		1C64AFD92C24BEE000285036 /* Frameworks */ = {
			isa = PBXFrameworksBuildPhase;
			buildActionMask = 2147483647;
			files = (
			);
			runOnlyForDeploymentPostprocessing = 0;
		};
/* End PBXFrameworksBuildPhase section */

/* Begin PBXGroup section */
		1C64AFB32C24BEDD00285036 = {
			isa = PBXGroup;
			children = (
				1C64AFC42C24BEDD00285036 /* Fountrees Watch App */,
				1C64AFD52C24BEE000285036 /* Fountrees Watch AppTests */,
				1C64AFDF2C24BEE000285036 /* Fountrees Watch AppUITests */,
				1C64AFBB2C24BEDD00285036 /* Products */,
			);
			sourceTree = "<group>";
		};
		1C64AFBB2C24BEDD00285036 /* Products */ = {
			isa = PBXGroup;
			children = (
				1C64AFBA2C24BEDD00285036 /* Fountrees.app */,
				1C64AFC02C24BEDD00285036 /* Fountrees Watch App.app */,
				1C64AFD22C24BEE000285036 /* Fountrees Watch AppTests.xctest */,
				1C64AFDC2C24BEE000285036 /* Fountrees Watch AppUITests.xctest */,
			);
			name = Products;
			sourceTree = "<group>";
		};
		1C64AFC42C24BEDD00285036 /* Fountrees Watch App */ = {
			isa = PBXGroup;
			children = (
				1C64AFC52C24BEDD00285036 /* FountreesApp.swift */,
				1C128F9C2C24E0C3008781A8 /* FullMap.swift */,
				1C64AFC72C24BEDD00285036 /* ContentView.swift */,
				1C128F9A2C24D954008781A8 /* DetailView.swift */,
				1C128F982C24D85A008781A8 /* Locations.swift */,
				1C64AFC92C24BEE000285036 /* Assets.xcassets */,
				1C64AFCB2C24BEE000285036 /* Preview Content */,
			);
			path = "Fountrees Watch App";
			sourceTree = "<group>";
		};
		1C64AFCB2C24BEE000285036 /* Preview Content */ = {
			isa = PBXGroup;
			children = (
				1C64AFCC2C24BEE000285036 /* Preview Assets.xcassets */,
			);
			path = "Preview Content";
			sourceTree = "<group>";
		};
		1C64AFD52C24BEE000285036 /* Fountrees Watch AppTests */ = {
			isa = PBXGroup;
			children = (
				1C64AFD62C24BEE000285036 /* Fountrees_Watch_AppTests.swift */,
			);
			path = "Fountrees Watch AppTests";
			sourceTree = "<group>";
		};
		1C64AFDF2C24BEE000285036 /* Fountrees Watch AppUITests */ = {
			isa = PBXGroup;
			children = (
				1C64AFE02C24BEE000285036 /* Fountrees_Watch_AppUITests.swift */,
				1C64AFE22C24BEE000285036 /* Fountrees_Watch_AppUITestsLaunchTests.swift */,
			);
			path = "Fountrees Watch AppUITests";
			sourceTree = "<group>";
		};
/* End PBXGroup section */

/* Begin PBXNativeTarget section */
		1C64AFB92C24BEDD00285036 /* Fountrees */ = {
			isa = PBXNativeTarget;
			buildConfigurationList = 1C64AFEA2C24BEE000285036 /* Build configuration list for PBXNativeTarget "Fountrees" */;
			buildPhases = (
				1C64AFB82C24BEDD00285036 /* Resources */,
				1C64AFE92C24BEE000285036 /* Embed Watch Content */,
			);
			buildRules = (
			);
			dependencies = (
				1C64AFC32C24BEDD00285036 /* PBXTargetDependency */,
			);
			name = Fountrees;
			productName = Fountrees;
			productReference = 1C64AFBA2C24BEDD00285036 /* Fountrees.app */;
			productType = "com.apple.product-type.application.watchapp2-container";
		};
		1C64AFBF2C24BEDD00285036 /* Fountrees Watch App */ = {
			isa = PBXNativeTarget;
			buildConfigurationList = 1C64AFE62C24BEE000285036 /* Build configuration list for PBXNativeTarget "Fountrees Watch App" */;
			buildPhases = (
				1C64AFBC2C24BEDD00285036 /* Sources */,
				1C64AFBD2C24BEDD00285036 /* Frameworks */,
				1C64AFBE2C24BEDD00285036 /* Resources */,
			);
			buildRules = (
			);
			dependencies = (
			);
			name = "Fountrees Watch App";
			productName = "Fountrees Watch App";
			productReference = 1C64AFC02C24BEDD00285036 /* Fountrees Watch App.app */;
			productType = "com.apple.product-type.application";
		};
		1C64AFD12C24BEE000285036 /* Fountrees Watch AppTests */ = {
			isa = PBXNativeTarget;
			buildConfigurationList = 1C64AFED2C24BEE000285036 /* Build configuration list for PBXNativeTarget "Fountrees Watch AppTests" */;
			buildPhases = (
				1C64AFCE2C24BEE000285036 /* Sources */,
				1C64AFCF2C24BEE000285036 /* Frameworks */,
				1C64AFD02C24BEE000285036 /* Resources */,
			);
			buildRules = (
			);
			dependencies = (
				1C64AFD42C24BEE000285036 /* PBXTargetDependency */,
			);
			name = "Fountrees Watch AppTests";
			productName = "Fountrees Watch AppTests";
			productReference = 1C64AFD22C24BEE000285036 /* Fountrees Watch AppTests.xctest */;
			productType = "com.apple.product-type.bundle.unit-test";
		};
		1C64AFDB2C24BEE000285036 /* Fountrees Watch AppUITests */ = {
			isa = PBXNativeTarget;
			buildConfigurationList = 1C64AFF02C24BEE000285036 /* Build configuration list for PBXNativeTarget "Fountrees Watch AppUITests" */;
			buildPhases = (
				1C64AFD82C24BEE000285036 /* Sources */,
				1C64AFD92C24BEE000285036 /* Frameworks */,
				1C64AFDA2C24BEE000285036 /* Resources */,
			);
			buildRules = (
			);
			dependencies = (
				1C64AFDE2C24BEE000285036 /* PBXTargetDependency */,
			);
			name = "Fountrees Watch AppUITests";
			productName = "Fountrees Watch AppUITests";
			productReference = 1C64AFDC2C24BEE000285036 /* Fountrees Watch AppUITests.xctest */;
			productType = "com.apple.product-type.bundle.ui-testing";
		};
/* End PBXNativeTarget section */

/* Begin PBXProject section */
		1C64AFB42C24BEDD00285036 /* Project object */ = {
			isa = PBXProject;
			attributes = {
				BuildIndependentTargetsInParallel = 1;
				LastSwiftUpdateCheck = 1600;
				LastUpgradeCheck = 1600;
				TargetAttributes = {
					1C64AFB92C24BEDD00285036 = {
						CreatedOnToolsVersion = 16.0;
					};
					1C64AFBF2C24BEDD00285036 = {
						CreatedOnToolsVersion = 16.0;
					};
					1C64AFD12C24BEE000285036 = {
						CreatedOnToolsVersion = 16.0;
						TestTargetID = 1C64AFBF2C24BEDD00285036;
					};
					1C64AFDB2C24BEE000285036 = {
						CreatedOnToolsVersion = 16.0;
						TestTargetID = 1C64AFBF2C24BEDD00285036;
					};
				};
			};
			buildConfigurationList = 1C64AFB72C24BEDD00285036 /* Build configuration list for PBXProject "Fountrees" */;
			compatibilityVersion = "Xcode 15.0";
			developmentRegion = en;
			hasScannedForEncodings = 0;
			knownRegions = (
				en,
				Base,
			);
			mainGroup = 1C64AFB32C24BEDD00285036;
			productRefGroup = 1C64AFBB2C24BEDD00285036 /* Products */;
			projectDirPath = "";
			projectRoot = "";
			targets = (
				1C64AFB92C24BEDD00285036 /* Fountrees */,
				1C64AFBF2C24BEDD00285036 /* Fountrees Watch App */,
				1C64AFD12C24BEE000285036 /* Fountrees Watch AppTests */,
				1C64AFDB2C24BEE000285036 /* Fountrees Watch AppUITests */,
			);
		};
/* End PBXProject section */

/* Begin PBXResourcesBuildPhase section */
		1C64AFB82C24BEDD00285036 /* Resources */ = {
			isa = PBXResourcesBuildPhase;
			buildActionMask = 2147483647;
			files = (
			);
			runOnlyForDeploymentPostprocessing = 0;
		};
		1C64AFBE2C24BEDD00285036 /* Resources */ = {
			isa = PBXResourcesBuildPhase;
			buildActionMask = 2147483647;
			files = (
				1C64AFCD2C24BEE000285036 /* Preview Assets.xcassets in Resources */,
				1C64AFCA2C24BEE000285036 /* Assets.xcassets in Resources */,
			);
			runOnlyForDeploymentPostprocessing = 0;
		};
		1C64AFD02C24BEE000285036 /* Resources */ = {
			isa = PBXResourcesBuildPhase;
			buildActionMask = 2147483647;
			files = (
			);
			runOnlyForDeploymentPostprocessing = 0;
		};
		1C64AFDA2C24BEE000285036 /* Resources */ = {
			isa = PBXResourcesBuildPhase;
			buildActionMask = 2147483647;
			files = (
			);
			runOnlyForDeploymentPostprocessing = 0;
		};
/* End PBXResourcesBuildPhase section */

/* Begin PBXSourcesBuildPhase section */
		1C64AFBC2C24BEDD00285036 /* Sources */ = {
			isa = PBXSourcesBuildPhase;
			buildActionMask = 2147483647;
			files = (
				1C128F992C24D85A008781A8 /* Locations.swift in Sources */,
				1C128F9B2C24D954008781A8 /* DetailView.swift in Sources */,
				1C128F9D2C24E0C3008781A8 /* FullMap.swift in Sources */,
				1C64AFC82C24BEDD00285036 /* ContentView.swift in Sources */,
				1C64AFC62C24BEDD00285036 /* FountreesApp.swift in Sources */,
			);
			runOnlyForDeploymentPostprocessing = 0;
		};
		1C64AFCE2C24BEE000285036 /* Sources */ = {
			isa = PBXSourcesBuildPhase;
			buildActionMask = 2147483647;
			files = (
				1C64AFD72C24BEE000285036 /* Fountrees_Watch_AppTests.swift in Sources */,
			);
			runOnlyForDeploymentPostprocessing = 0;
		};
		1C64AFD82C24BEE000285036 /* Sources */ = {
			isa = PBXSourcesBuildPhase;
			buildActionMask = 2147483647;
			files = (
				1C64AFE32C24BEE000285036 /* Fountrees_Watch_AppUITestsLaunchTests.swift in Sources */,
				1C64AFE12C24BEE000285036 /* Fountrees_Watch_AppUITests.swift in Sources */,
			);
			runOnlyForDeploymentPostprocessing = 0;
		};
/* End PBXSourcesBuildPhase section */

/* Begin PBXTargetDependency section */
		1C64AFC32C24BEDD00285036 /* PBXTargetDependency */ = {
			isa = PBXTargetDependency;
			target = 1C64AFBF2C24BEDD00285036 /* Fountrees Watch App */;
			targetProxy = 1C64AFC22C24BEDD00285036 /* PBXContainerItemProxy */;
		};
		1C64AFD42C24BEE000285036 /* PBXTargetDependency */ = {
			isa = PBXTargetDependency;
			target = 1C64AFBF2C24BEDD00285036 /* Fountrees Watch App */;
			targetProxy = 1C64AFD32C24BEE000285036 /* PBXContainerItemProxy */;
		};
		1C64AFDE2C24BEE000285036 /* PBXTargetDependency */ = {
			isa = PBXTargetDependency;
			target = 1C64AFBF2C24BEDD00285036 /* Fountrees Watch App */;
			targetProxy = 1C64AFDD2C24BEE000285036 /* PBXContainerItemProxy */;
		};
/* End PBXTargetDependency section */

/* Begin XCBuildConfiguration section */
		1C64AFE42C24BEE000285036 /* Debug */ = {
			isa = XCBuildConfiguration;
			buildSettings = {
				ALWAYS_SEARCH_USER_PATHS = NO;
				ASSETCATALOG_COMPILER_GENERATE_SWIFT_ASSET_SYMBOL_EXTENSIONS = YES;
				CLANG_ANALYZER_NONNULL = YES;
				CLANG_ANALYZER_NUMBER_OBJECT_CONVERSION = YES_AGGRESSIVE;
				CLANG_CXX_LANGUAGE_STANDARD = "gnu++20";
				CLANG_ENABLE_MODULES = YES;
				CLANG_ENABLE_OBJC_ARC = YES;
				CLANG_ENABLE_OBJC_WEAK = YES;
				CLANG_WARN_BLOCK_CAPTURE_AUTORELEASING = YES;
				CLANG_WARN_BOOL_CONVERSION = YES;
				CLANG_WARN_COMMA = YES;
				CLANG_WARN_CONSTANT_CONVERSION = YES;
				CLANG_WARN_DEPRECATED_OBJC_IMPLEMENTATIONS = YES;
				CLANG_WARN_DIRECT_OBJC_ISA_USAGE = YES_ERROR;
				CLANG_WARN_DOCUMENTATION_COMMENTS = YES;
				CLANG_WARN_EMPTY_BODY = YES;
				CLANG_WARN_ENUM_CONVERSION = YES;
				CLANG_WARN_INFINITE_RECURSION = YES;
				CLANG_WARN_INT_CONVERSION = YES;
				CLANG_WARN_NON_LITERAL_NULL_CONVERSION = YES;
				CLANG_WARN_OBJC_IMPLICIT_RETAIN_SELF = YES;
				CLANG_WARN_OBJC_LITERAL_CONVERSION = YES;
				CLANG_WARN_OBJC_ROOT_CLASS = YES_ERROR;
				CLANG_WARN_QUOTED_INCLUDE_IN_FRAMEWORK_HEADER = YES;
				CLANG_WARN_RANGE_LOOP_ANALYSIS = YES;
				CLANG_WARN_STRICT_PROTOTYPES = YES;
				CLANG_WARN_SUSPICIOUS_MOVE = YES;
				CLANG_WARN_UNGUARDED_AVAILABILITY = YES_AGGRESSIVE;
				CLANG_WARN_UNREACHABLE_CODE = YES;
				CLANG_WARN__DUPLICATE_METHOD_MATCH = YES;
				COPY_PHASE_STRIP = NO;
				DEBUG_INFORMATION_FORMAT = dwarf;
				ENABLE_STRICT_OBJC_MSGSEND = YES;
				ENABLE_TESTABILITY = YES;
				ENABLE_USER_SCRIPT_SANDBOXING = YES;
				GCC_C_LANGUAGE_STANDARD = gnu17;
				GCC_DYNAMIC_NO_PIC = NO;
				GCC_NO_COMMON_BLOCKS = YES;
				GCC_OPTIMIZATION_LEVEL = 0;
				GCC_PREPROCESSOR_DEFINITIONS = (
					"DEBUG=1",
					"$(inherited)",
				);
				GCC_WARN_64_TO_32_BIT_CONVERSION = YES;
				GCC_WARN_ABOUT_RETURN_TYPE = YES_ERROR;
				GCC_WARN_UNDECLARED_SELECTOR = YES;
				GCC_WARN_UNINITIALIZED_AUTOS = YES_AGGRESSIVE;
				GCC_WARN_UNUSED_FUNCTION = YES;
				GCC_WARN_UNUSED_VARIABLE = YES;
				LOCALIZATION_PREFERS_STRING_CATALOGS = YES;
				MTL_ENABLE_DEBUG_INFO = INCLUDE_SOURCE;
				MTL_FAST_MATH = YES;
				ONLY_ACTIVE_ARCH = YES;
				SWIFT_ACTIVE_COMPILATION_CONDITIONS = "DEBUG $(inherited)";
				SWIFT_OPTIMIZATION_LEVEL = "-Onone";
			};
			name = Debug;
		};
		1C64AFE52C24BEE000285036 /* Release */ = {
			isa = XCBuildConfiguration;
			buildSettings = {
				ALWAYS_SEARCH_USER_PATHS = NO;
				ASSETCATALOG_COMPILER_GENERATE_SWIFT_ASSET_SYMBOL_EXTENSIONS = YES;
				CLANG_ANALYZER_NONNULL = YES;
				CLANG_ANALYZER_NUMBER_OBJECT_CONVERSION = YES_AGGRESSIVE;
				CLANG_CXX_LANGUAGE_STANDARD = "gnu++20";
				CLANG_ENABLE_MODULES = YES;
				CLANG_ENABLE_OBJC_ARC = YES;
				CLANG_ENABLE_OBJC_WEAK = YES;
				CLANG_WARN_BLOCK_CAPTURE_AUTORELEASING = YES;
				CLANG_WARN_BOOL_CONVERSION = YES;
				CLANG_WARN_COMMA = YES;
				CLANG_WARN_CONSTANT_CONVERSION = YES;
				CLANG_WARN_DEPRECATED_OBJC_IMPLEMENTATIONS = YES;
				CLANG_WARN_DIRECT_OBJC_ISA_USAGE = YES_ERROR;
				CLANG_WARN_DOCUMENTATION_COMMENTS = YES;
				CLANG_WARN_EMPTY_BODY = YES;
				CLANG_WARN_ENUM_CONVERSION = YES;
				CLANG_WARN_INFINITE_RECURSION = YES;
				CLANG_WARN_INT_CONVERSION = YES;
				CLANG_WARN_NON_LITERAL_NULL_CONVERSION = YES;
				CLANG_WARN_OBJC_IMPLICIT_RETAIN_SELF = YES;
				CLANG_WARN_OBJC_LITERAL_CONVERSION = YES;
				CLANG_WARN_OBJC_ROOT_CLASS = YES_ERROR;
				CLANG_WARN_QUOTED_INCLUDE_IN_FRAMEWORK_HEADER = YES;
				CLANG_WARN_RANGE_LOOP_ANALYSIS = YES;
				CLANG_WARN_STRICT_PROTOTYPES = YES;
				CLANG_WARN_SUSPICIOUS_MOVE = YES;
				CLANG_WARN_UNGUARDED_AVAILABILITY = YES_AGGRESSIVE;
				CLANG_WARN_UNREACHABLE_CODE = YES;
				CLANG_WARN__DUPLICATE_METHOD_MATCH = YES;
				COPY_PHASE_STRIP = NO;
				DEBUG_INFORMATION_FORMAT = "dwarf-with-dsym";
				ENABLE_NS_ASSERTIONS = NO;
				ENABLE_STRICT_OBJC_MSGSEND = YES;
				ENABLE_USER_SCRIPT_SANDBOXING = YES;
				GCC_C_LANGUAGE_STANDARD = gnu17;
				GCC_NO_COMMON_BLOCKS = YES;
				GCC_WARN_64_TO_32_BIT_CONVERSION = YES;
				GCC_WARN_ABOUT_RETURN_TYPE = YES_ERROR;
				GCC_WARN_UNDECLARED_SELECTOR = YES;
				GCC_WARN_UNINITIALIZED_AUTOS = YES_AGGRESSIVE;
				GCC_WARN_UNUSED_FUNCTION = YES;
				GCC_WARN_UNUSED_VARIABLE = YES;
				LOCALIZATION_PREFERS_STRING_CATALOGS = YES;
				MTL_ENABLE_DEBUG_INFO = NO;
				MTL_FAST_MATH = YES;
				SWIFT_COMPILATION_MODE = wholemodule;
			};
			name = Release;
		};
		1C64AFE72C24BEE000285036 /* Debug */ = {
			isa = XCBuildConfiguration;
			buildSettings = {
				ASSETCATALOG_COMPILER_APPICON_NAME = AppIcon;
				ASSETCATALOG_COMPILER_GLOBAL_ACCENT_COLOR_NAME = AccentColor;
				CODE_SIGN_STYLE = Automatic;
				CURRENT_PROJECT_VERSION = 1;
				DEVELOPMENT_ASSET_PATHS = "\"Fountrees Watch App/Preview Content\"";
				DEVELOPMENT_TEAM = 8SRDS3PR6X;
				ENABLE_PREVIEWS = YES;
				GENERATE_INFOPLIST_FILE = YES;
				INFOPLIST_KEY_CFBundleDisplayName = Fountrees;
				INFOPLIST_KEY_UISupportedInterfaceOrientations = "UIInterfaceOrientationPortrait UIInterfaceOrientationPortraitUpsideDown";
				INFOPLIST_KEY_WKWatchOnly = YES;
				LD_RUNPATH_SEARCH_PATHS = (
					"$(inherited)",
					"@executable_path/Frameworks",
				);
				MARKETING_VERSION = 1.0;
				PRODUCT_BUNDLE_IDENTIFIER = alexjo.Fountrees.watchkitapp;
				PRODUCT_NAME = "$(TARGET_NAME)";
				SDKROOT = watchos;
				SKIP_INSTALL = YES;
				SWIFT_EMIT_LOC_STRINGS = YES;
				SWIFT_VERSION = 5.0;
				TARGETED_DEVICE_FAMILY = 4;
				WATCHOS_DEPLOYMENT_TARGET = 11.0;
			};
			name = Debug;
		};
		1C64AFE82C24BEE000285036 /* Release */ = {
			isa = XCBuildConfiguration;
			buildSettings = {
				ASSETCATALOG_COMPILER_APPICON_NAME = AppIcon;
				ASSETCATALOG_COMPILER_GLOBAL_ACCENT_COLOR_NAME = AccentColor;
				CODE_SIGN_STYLE = Automatic;
				CURRENT_PROJECT_VERSION = 1;
				DEVELOPMENT_ASSET_PATHS = "\"Fountrees Watch App/Preview Content\"";
				DEVELOPMENT_TEAM = 8SRDS3PR6X;
				ENABLE_PREVIEWS = YES;
				GENERATE_INFOPLIST_FILE = YES;
				INFOPLIST_KEY_CFBundleDisplayName = Fountrees;
				INFOPLIST_KEY_UISupportedInterfaceOrientations = "UIInterfaceOrientationPortrait UIInterfaceOrientationPortraitUpsideDown";
				INFOPLIST_KEY_WKWatchOnly = YES;
				LD_RUNPATH_SEARCH_PATHS = (
					"$(inherited)",
					"@executable_path/Frameworks",
				);
				MARKETING_VERSION = 1.0;
				PRODUCT_BUNDLE_IDENTIFIER = alexjo.Fountrees.watchkitapp;
				PRODUCT_NAME = "$(TARGET_NAME)";
				SDKROOT = watchos;
				SKIP_INSTALL = YES;
				SWIFT_EMIT_LOC_STRINGS = YES;
				SWIFT_VERSION = 5.0;
				TARGETED_DEVICE_FAMILY = 4;
				VALIDATE_PRODUCT = YES;
				WATCHOS_DEPLOYMENT_TARGET = 11.0;
			};
			name = Release;
		};
		1C64AFEB2C24BEE000285036 /* Debug */ = {
			isa = XCBuildConfiguration;
			buildSettings = {
				CODE_SIGN_STYLE = Automatic;
				CURRENT_PROJECT_VERSION = 1;
				DEVELOPMENT_TEAM = 8SRDS3PR6X;
				INFOPLIST_KEY_CFBundleDisplayName = Fountrees;
				MARKETING_VERSION = 1.0;
				PRODUCT_BUNDLE_IDENTIFIER = alexjo.Fountrees;
				PRODUCT_NAME = "$(TARGET_NAME)";
				SDKROOT = iphoneos;
				SWIFT_VERSION = 5.0;
			};
			name = Debug;
		};
		1C64AFEC2C24BEE000285036 /* Release */ = {
			isa = XCBuildConfiguration;
			buildSettings = {
				CODE_SIGN_STYLE = Automatic;
				CURRENT_PROJECT_VERSION = 1;
				DEVELOPMENT_TEAM = 8SRDS3PR6X;
				INFOPLIST_KEY_CFBundleDisplayName = Fountrees;
				MARKETING_VERSION = 1.0;
				PRODUCT_BUNDLE_IDENTIFIER = alexjo.Fountrees;
				PRODUCT_NAME = "$(TARGET_NAME)";
				SDKROOT = iphoneos;
				SWIFT_VERSION = 5.0;
				VALIDATE_PRODUCT = YES;
			};
			name = Release;
		};
		1C64AFEE2C24BEE000285036 /* Debug */ = {
			isa = XCBuildConfiguration;
			buildSettings = {
				BUNDLE_LOADER = "$(TEST_HOST)";
				CODE_SIGN_STYLE = Automatic;
				CURRENT_PROJECT_VERSION = 1;
				DEVELOPMENT_TEAM = 8SRDS3PR6X;
				GENERATE_INFOPLIST_FILE = YES;
				MARKETING_VERSION = 1.0;
				PRODUCT_BUNDLE_IDENTIFIER = "alexjo.Fountrees-Watch-AppTests";
				PRODUCT_NAME = "$(TARGET_NAME)";
				SDKROOT = watchos;
				SWIFT_EMIT_LOC_STRINGS = NO;
				SWIFT_VERSION = 5.0;
				TARGETED_DEVICE_FAMILY = 4;
				TEST_HOST = "$(BUILT_PRODUCTS_DIR)/Fountrees Watch App.app/$(BUNDLE_EXECUTABLE_FOLDER_PATH)/Fountrees Watch App";
				WATCHOS_DEPLOYMENT_TARGET = 11.0;
			};
			name = Debug;
		};
		1C64AFEF2C24BEE000285036 /* Release */ = {
			isa = XCBuildConfiguration;
			buildSettings = {
				BUNDLE_LOADER = "$(TEST_HOST)";
				CODE_SIGN_STYLE = Automatic;
				CURRENT_PROJECT_VERSION = 1;
				DEVELOPMENT_TEAM = 8SRDS3PR6X;
				GENERATE_INFOPLIST_FILE = YES;
				MARKETING_VERSION = 1.0;
				PRODUCT_BUNDLE_IDENTIFIER = "alexjo.Fountrees-Watch-AppTests";
				PRODUCT_NAME = "$(TARGET_NAME)";
				SDKROOT = watchos;
				SWIFT_EMIT_LOC_STRINGS = NO;
				SWIFT_VERSION = 5.0;
				TARGETED_DEVICE_FAMILY = 4;
				TEST_HOST = "$(BUILT_PRODUCTS_DIR)/Fountrees Watch App.app/$(BUNDLE_EXECUTABLE_FOLDER_PATH)/Fountrees Watch App";
				VALIDATE_PRODUCT = YES;
				WATCHOS_DEPLOYMENT_TARGET = 11.0;
			};
			name = Release;
		};
		1C64AFF12C24BEE000285036 /* Debug */ = {
			isa = XCBuildConfiguration;
			buildSettings = {
				CODE_SIGN_STYLE = Automatic;
				CURRENT_PROJECT_VERSION = 1;
				DEVELOPMENT_TEAM = 8SRDS3PR6X;
				GENERATE_INFOPLIST_FILE = YES;
				MARKETING_VERSION = 1.0;
				PRODUCT_BUNDLE_IDENTIFIER = "alexjo.Fountrees-Watch-AppUITests";
				PRODUCT_NAME = "$(TARGET_NAME)";
				SDKROOT = watchos;
				SWIFT_EMIT_LOC_STRINGS = NO;
				SWIFT_VERSION = 5.0;
				TARGETED_DEVICE_FAMILY = 4;
				TEST_TARGET_NAME = "Fountrees Watch App";
				WATCHOS_DEPLOYMENT_TARGET = 11.0;
			};
			name = Debug;
		};
		1C64AFF22C24BEE000285036 /* Release */ = {
			isa = XCBuildConfiguration;
			buildSettings = {
				CODE_SIGN_STYLE = Automatic;
				CURRENT_PROJECT_VERSION = 1;
				DEVELOPMENT_TEAM = 8SRDS3PR6X;
				GENERATE_INFOPLIST_FILE = YES;
				MARKETING_VERSION = 1.0;
				PRODUCT_BUNDLE_IDENTIFIER = "alexjo.Fountrees-Watch-AppUITests";
				PRODUCT_NAME = "$(TARGET_NAME)";
				SDKROOT = watchos;
				SWIFT_EMIT_LOC_STRINGS = NO;
				SWIFT_VERSION = 5.0;
				TARGETED_DEVICE_FAMILY = 4;
				TEST_TARGET_NAME = "Fountrees Watch App";
				VALIDATE_PRODUCT = YES;
				WATCHOS_DEPLOYMENT_TARGET = 11.0;
			};
			name = Release;
		};
/* End XCBuildConfiguration section */

/* Begin XCConfigurationList section */
		1C64AFB72C24BEDD00285036 /* Build configuration list for PBXProject "Fountrees" */ = {
			isa = XCConfigurationList;
			buildConfigurations = (
				1C64AFE42C24BEE000285036 /* Debug */,
				1C64AFE52C24BEE000285036 /* Release */,
			);
			defaultConfigurationIsVisible = 0;
			defaultConfigurationName = Release;
		};
		1C64AFE62C24BEE000285036 /* Build configuration list for PBXNativeTarget "Fountrees Watch App" */ = {
			isa = XCConfigurationList;
			buildConfigurations = (
				1C64AFE72C24BEE000285036 /* Debug */,
				1C64AFE82C24BEE000285036 /* Release */,
			);
			defaultConfigurationIsVisible = 0;
			defaultConfigurationName = Release;
		};
		1C64AFEA2C24BEE000285036 /* Build configuration list for PBXNativeTarget "Fountrees" */ = {
			isa = XCConfigurationList;
			buildConfigurations = (
				1C64AFEB2C24BEE000285036 /* Debug */,
				1C64AFEC2C24BEE000285036 /* Release */,
			);
			defaultConfigurationIsVisible = 0;
			defaultConfigurationName = Release;
		};
		1C64AFED2C24BEE000285036 /* Build configuration list for PBXNativeTarget "Fountrees Watch AppTests" */ = {
			isa = XCConfigurationList;
			buildConfigurations = (
				1C64AFEE2C24BEE000285036 /* Debug */,
				1C64AFEF2C24BEE000285036 /* Release */,
			);
			defaultConfigurationIsVisible = 0;
			defaultConfigurationName = Release;
		};
		1C64AFF02C24BEE000285036 /* Build configuration list for PBXNativeTarget "Fountrees Watch AppUITests" */ = {
			isa = XCConfigurationList;
			buildConfigurations = (
				1C64AFF12C24BEE000285036 /* Debug */,
				1C64AFF22C24BEE000285036 /* Release */,
			);
			defaultConfigurationIsVisible = 0;
			defaultConfigurationName = Release;
		};
/* End XCConfigurationList section */
	};
	rootObject = 1C64AFB42C24BEDD00285036 /* Project object */;
}
